Microsoft Visual Studio Solution File, Format Version 11.00
# Visual Studio 2008

Project("{D14C4006-E1AF-A5A9-E99E-D1457C3437AB}") = "InternetMaze", "Assembly-CSharp.csproj", "{B61DF760-52CB-6487-6954-AAB7EC031721}"
EndProject
Project("{D14C4006-E1AF-A5A9-E99E-D1457C3437AB}") = "InternetMaze", "Assembly-CSharp-Editor.csproj", "{979DF8BB-B699-24BC-A1EF-1F283097E4B0}"
EndProject
Global
	GlobalSection(SolutionConfigurationPlatforms) = preSolution
		Debug|Any CPU = Debug|Any CPU
		Release|Any CPU = Release|Any CPU
	EndGlobalSection
	GlobalSection(ProjectConfigurationPlatforms) = postSolution
		{B61DF760-52CB-6487-6954-AAB7EC031721}.Debug|Any CPU.ActiveCfg = Debug|Any CPU
		{B61DF760-52CB-6487-6954-AAB7EC031721}.Debug|Any CPU.Build.0 = Debug|Any CPU
		{B61DF760-52CB-6487-6954-AAB7EC031721}.Release|Any CPU.ActiveCfg = Release|Any CPU
		{B61DF760-52CB-6487-6954-AAB7EC031721}.Release|Any CPU.Build.0 = Release|Any CPU
		{979DF8BB-B699-24BC-A1EF-1F283097E4B0}.Debug|Any CPU.ActiveCfg = Debug|Any CPU
		{979DF8BB-B699-24BC-A1EF-1F283097E4B0}.Debug|Any CPU.Build.0 = Debug|Any CPU
		{979DF8BB-B699-24BC-A1EF-1F283097E4B0}.Release|Any CPU.ActiveCfg = Release|Any CPU
		{979DF8BB-B699-24BC-A1EF-1F283097E4B0}.Release|Any CPU.Build.0 = Release|Any CPU
	EndGlobalSection
	GlobalSection(SolutionProperties) = preSolution
		HideSolutionNode = FALSE
	EndGlobalSection
	GlobalSection(MonoDevelopProperties) = preSolution
		StartupItem = Assembly-CSharp.csproj
		Policies = $0
		$0.TextStylePolicy = $1
		$1.inheritsSet = null
		$1.scope = text/x-csharp
		$0.CSharpFormattingPolicy = $2
		$2.inheritsSet = Mono
		$2.inheritsScope = text/x-csharp
		$2.scope = text/x-csharp
		$0.TextStylePolicy = $3
		$3.FileWidth = 120
		$3.TabWidth = 4
		$3.IndentWidth = 4
		$3.EolMarker = Unix
		$3.inheritsSet = Mono
		$3.inheritsScope = text/plain
		$3.scope = text/plain
	EndGlobalSection
EndGlobal
